
Microsoft Visual Studio Solution File, Format Version 12.00
# Visual Studio Version 17
VisualStudioVersion = 17.12.35527.113
MinimumVisualStudioVersion = 10.0.40219.1
Project("{FAE04EC0-301F-11D3-BF4B-00C04F79EFBC}") = "RentCarApp.Frontend", "RentCarApp.Frontend\RentCarApp.Frontend.csproj", "{7B04FA4D-F9D2-469B-9A73-A437CB5D191F}"
EndProject
Project("{FAE04EC0-301F-11D3-BF4B-00C04F79EFBC}") = "RentCarApp.Frontendv2", "RentCarApp.Frontendv2\RentCarApp.Frontendv2.csproj", "{97CDC500-0031-4BF7-B72F-0D0C46ABD172}"
EndProject
Project("{FAE04EC0-301F-11D3-BF4B-00C04F79EFBC}") = "RentCarApp.Frontendv3", "RentCarApp.Frontendv3\RentCarApp.Frontendv3.csproj", "{71AC2DCB-C3BB-4480-AC75-987A39AF2101}"
EndProject
Global
	GlobalSection(SolutionConfigurationPlatforms) = preSolution
		Debug|Any CPU = Debug|Any CPU
		Release|Any CPU = Release|Any CPU
	EndGlobalSection
	GlobalSection(ProjectConfigurationPlatforms) = postSolution
		{7B04FA4D-F9D2-469B-9A73-A437CB5D191F}.Debug|Any CPU.ActiveCfg = Debug|Any CPU
		{7B04FA4D-F9D2-469B-9A73-A437CB5D191F}.Debug|Any CPU.Build.0 = Debug|Any CPU
		{7B04FA4D-F9D2-469B-9A73-A437CB5D191F}.Release|Any CPU.ActiveCfg = Release|Any CPU
		{7B04FA4D-F9D2-469B-9A73-A437CB5D191F}.Release|Any CPU.Build.0 = Release|Any CPU
		{97CDC500-0031-4BF7-B72F-0D0C46ABD172}.Debug|Any CPU.ActiveCfg = Debug|Any CPU
		{97CDC500-0031-4BF7-B72F-0D0C46ABD172}.Debug|Any CPU.Build.0 = Debug|Any CPU
		{97CDC500-0031-4BF7-B72F-0D0C46ABD172}.Release|Any CPU.ActiveCfg = Release|Any CPU
		{97CDC500-0031-4BF7-B72F-0D0C46ABD172}.Release|Any CPU.Build.0 = Release|Any CPU
		{71AC2DCB-C3BB-4480-AC75-987A39AF2101}.Debug|Any CPU.ActiveCfg = Debug|Any CPU
		{71AC2DCB-C3BB-4480-AC75-987A39AF2101}.Debug|Any CPU.Build.0 = Debug|Any CPU
		{71AC2DCB-C3BB-4480-AC75-987A39AF2101}.Release|Any CPU.ActiveCfg = Release|Any CPU
		{71AC2DCB-C3BB-4480-AC75-987A39AF2101}.Release|Any CPU.Build.0 = Release|Any CPU
	EndGlobalSection
	GlobalSection(SolutionProperties) = preSolution
		HideSolutionNode = FALSE
	EndGlobalSection
EndGlobal
