
Microsoft Visual Studio Solution File, Format Version 12.00
# Visual Studio Version 17
VisualStudioVersion = 17.12.35527.113
MinimumVisualStudioVersion = 10.0.40219.1
Project("{FAE04EC0-301F-11D3-BF4B-00C04F79EFBC}") = "RentCarApp.Frontend", "RentCarApp.Frontend\RentCarApp.Frontend.csproj", "{7B04FA4D-F9D2-469B-9A73-A437CB5D191F}"
EndProject
Project("{FAE04EC0-301F-11D3-BF4B-00C04F79EFBC}") = "RentCarApp.Api", "RentCarApp.Api\RentCarApp.Api.csproj", "{FABFCBCD-315A-4606-B4D2-01A317E35AE1}"
EndProject
Project("{FAE04EC0-301F-11D3-BF4B-00C04F79EFBC}") = "RentCarApp.Persistence", "RentCarApp.Persistence\RentCarApp.Persistence.csproj", "{C8CC8733-FFF5-4202-A1BA-3C3C11EC6BDB}"
EndProject
Project("{FAE04EC0-301F-11D3-BF4B-00C04F79EFBC}") = "RentCarApp.Domain", "RentCarApp.Domain\RentCarApp.Domain.csproj", "{C1A30FAF-12AF-49E8-BB7A-386B619D454E}"
EndProject
Project("{2150E333-8FDC-42A3-9474-1A3956D46DE8}") = "Presentation", "Presentation", "{A60CE50F-01E2-4574-AD52-F3AD80B82518}"
EndProject
Project("{FAE04EC0-301F-11D3-BF4B-00C04F79EFBC}") = "RentCarApp.Presentation", "RentCarApp.Presentation\RentCarApp.Presentation.csproj", "{634792D7-AC93-4209-83E2-2F577247A6B1}"
EndProject
Project("{2150E333-8FDC-42A3-9474-1A3956D46DE8}") = "DataLayer", "DataLayer", "{824934D0-0AED-4B78-8BDB-236FECFB033C}"
EndProject
Project("{FAE04EC0-301F-11D3-BF4B-00C04F79EFBC}") = "RentCarApp.Infrastructure", "RentCarApp.Infrastructure\RentCarApp.Infrastructure.csproj", "{C9FC4B2C-958D-45A9-B44E-56ACCEDCA416}"
EndProject
Global
	GlobalSection(SolutionConfigurationPlatforms) = preSolution
		Debug|Any CPU = Debug|Any CPU
		Release|Any CPU = Release|Any CPU
	EndGlobalSection
	GlobalSection(ProjectConfigurationPlatforms) = postSolution
		{7B04FA4D-F9D2-469B-9A73-A437CB5D191F}.Debug|Any CPU.ActiveCfg = Debug|Any CPU
		{7B04FA4D-F9D2-469B-9A73-A437CB5D191F}.Debug|Any CPU.Build.0 = Debug|Any CPU
		{7B04FA4D-F9D2-469B-9A73-A437CB5D191F}.Release|Any CPU.ActiveCfg = Release|Any CPU
		{7B04FA4D-F9D2-469B-9A73-A437CB5D191F}.Release|Any CPU.Build.0 = Release|Any CPU
		{FABFCBCD-315A-4606-B4D2-01A317E35AE1}.Debug|Any CPU.ActiveCfg = Debug|Any CPU
		{FABFCBCD-315A-4606-B4D2-01A317E35AE1}.Debug|Any CPU.Build.0 = Debug|Any CPU
		{FABFCBCD-315A-4606-B4D2-01A317E35AE1}.Release|Any CPU.ActiveCfg = Release|Any CPU
		{FABFCBCD-315A-4606-B4D2-01A317E35AE1}.Release|Any CPU.Build.0 = Release|Any CPU
		{C8CC8733-FFF5-4202-A1BA-3C3C11EC6BDB}.Debug|Any CPU.ActiveCfg = Debug|Any CPU
		{C8CC8733-FFF5-4202-A1BA-3C3C11EC6BDB}.Debug|Any CPU.Build.0 = Debug|Any CPU
		{C8CC8733-FFF5-4202-A1BA-3C3C11EC6BDB}.Release|Any CPU.ActiveCfg = Release|Any CPU
		{C8CC8733-FFF5-4202-A1BA-3C3C11EC6BDB}.Release|Any CPU.Build.0 = Release|Any CPU
		{C1A30FAF-12AF-49E8-BB7A-386B619D454E}.Debug|Any CPU.ActiveCfg = Debug|Any CPU
		{C1A30FAF-12AF-49E8-BB7A-386B619D454E}.Debug|Any CPU.Build.0 = Debug|Any CPU
		{C1A30FAF-12AF-49E8-BB7A-386B619D454E}.Release|Any CPU.ActiveCfg = Release|Any CPU
		{C1A30FAF-12AF-49E8-BB7A-386B619D454E}.Release|Any CPU.Build.0 = Release|Any CPU
		{634792D7-AC93-4209-83E2-2F577247A6B1}.Debug|Any CPU.ActiveCfg = Debug|Any CPU
		{634792D7-AC93-4209-83E2-2F577247A6B1}.Debug|Any CPU.Build.0 = Debug|Any CPU
		{634792D7-AC93-4209-83E2-2F577247A6B1}.Release|Any CPU.ActiveCfg = Release|Any CPU
		{634792D7-AC93-4209-83E2-2F577247A6B1}.Release|Any CPU.Build.0 = Release|Any CPU
		{C9FC4B2C-958D-45A9-B44E-56ACCEDCA416}.Debug|Any CPU.ActiveCfg = Debug|Any CPU
		{C9FC4B2C-958D-45A9-B44E-56ACCEDCA416}.Debug|Any CPU.Build.0 = Debug|Any CPU
		{C9FC4B2C-958D-45A9-B44E-56ACCEDCA416}.Release|Any CPU.ActiveCfg = Release|Any CPU
		{C9FC4B2C-958D-45A9-B44E-56ACCEDCA416}.Release|Any CPU.Build.0 = Release|Any CPU
	EndGlobalSection
	GlobalSection(SolutionProperties) = preSolution
		HideSolutionNode = FALSE
	EndGlobalSection
	GlobalSection(NestedProjects) = preSolution
		{7B04FA4D-F9D2-469B-9A73-A437CB5D191F} = {A60CE50F-01E2-4574-AD52-F3AD80B82518}
		{FABFCBCD-315A-4606-B4D2-01A317E35AE1} = {A60CE50F-01E2-4574-AD52-F3AD80B82518}
		{C8CC8733-FFF5-4202-A1BA-3C3C11EC6BDB} = {824934D0-0AED-4B78-8BDB-236FECFB033C}
		{C1A30FAF-12AF-49E8-BB7A-386B619D454E} = {824934D0-0AED-4B78-8BDB-236FECFB033C}
		{634792D7-AC93-4209-83E2-2F577247A6B1} = {A60CE50F-01E2-4574-AD52-F3AD80B82518}
		{C9FC4B2C-958D-45A9-B44E-56ACCEDCA416} = {824934D0-0AED-4B78-8BDB-236FECFB033C}
	EndGlobalSection
EndGlobal
